// !$*UTF8*$!
{
	archiveVersion = 1;
	classes = {
	};
	objectVersion = 56;
	objects = {

/* Begin PBXBuildFile section */
		636895892A9DC2340083CE03 /* AppDelegate.swift in Sources */ = {isa = PBXBuildFile; fileRef = 636895882A9DC2340083CE03 /* AppDelegate.swift */; };
		6368958B2A9DC2340083CE03 /* SceneDelegate.swift in Sources */ = {isa = PBXBuildFile; fileRef = 6368958A2A9DC2340083CE03 /* SceneDelegate.swift */; };
		6368958D2A9DC2340083CE03 /* AlarmViewController.swift in Sources */ = {isa = PBXBuildFile; fileRef = 6368958C2A9DC2340083CE03 /* AlarmViewController.swift */; };
		636895922A9DC2350083CE03 /* Assets.xcassets in Resources */ = {isa = PBXBuildFile; fileRef = 636895912A9DC2350083CE03 /* Assets.xcassets */; };
		636895952A9DC2350083CE03 /* LaunchScreen.storyboard in Resources */ = {isa = PBXBuildFile; fileRef = 636895932A9DC2350083CE03 /* LaunchScreen.storyboard */; };
		6368959D2A9E13250083CE03 /* Extensions.swift in Sources */ = {isa = PBXBuildFile; fileRef = 6368959C2A9E13250083CE03 /* Extensions.swift */; };
		63AB602C2A9E788800EF1923 /* AlarmManager.swift in Sources */ = {isa = PBXBuildFile; fileRef = 63AB602B2A9E788800EF1923 /* AlarmManager.swift */; };
		63AB60302A9EB41C00EF1923 /* SoundManager.swift in Sources */ = {isa = PBXBuildFile; fileRef = 63AB602F2A9EB41C00EF1923 /* SoundManager.swift */; };
		63D3A25B2AA4F31200CDA7AC /* wakeup.mp3 in Resources */ = {isa = PBXBuildFile; fileRef = 63D3A25A2AA4F31100CDA7AC /* wakeup.mp3 */; };
		63D3A25D2AA4FDCE00CDA7AC /* SoundSelectVC.swift in Sources */ = {isa = PBXBuildFile; fileRef = 63D3A25C2AA4FDCE00CDA7AC /* SoundSelectVC.swift */; };
/* End PBXBuildFile section */

/* Begin PBXFileReference section */
		636895852A9DC2340083CE03 /* task5_app.app */ = {isa = PBXFileReference; explicitFileType = wrapper.application; includeInIndex = 0; path = task5_app.app; sourceTree = BUILT_PRODUCTS_DIR; };
		636895882A9DC2340083CE03 /* AppDelegate.swift */ = {isa = PBXFileReference; lastKnownFileType = sourcecode.swift; path = AppDelegate.swift; sourceTree = "<group>"; };
		6368958A2A9DC2340083CE03 /* SceneDelegate.swift */ = {isa = PBXFileReference; lastKnownFileType = sourcecode.swift; path = SceneDelegate.swift; sourceTree = "<group>"; };
		6368958C2A9DC2340083CE03 /* AlarmViewController.swift */ = {isa = PBXFileReference; lastKnownFileType = sourcecode.swift; path = AlarmViewController.swift; sourceTree = "<group>"; };
		636895912A9DC2350083CE03 /* Assets.xcassets */ = {isa = PBXFileReference; lastKnownFileType = folder.assetcatalog; path = Assets.xcassets; sourceTree = "<group>"; };
		636895942A9DC2350083CE03 /* Base */ = {isa = PBXFileReference; lastKnownFileType = file.storyboard; name = Base; path = Base.lproj/LaunchScreen.storyboard; sourceTree = "<group>"; };
		636895962A9DC2350083CE03 /* Info.plist */ = {isa = PBXFileReference; lastKnownFileType = text.plist.xml; path = Info.plist; sourceTree = "<group>"; };
		6368959C2A9E13250083CE03 /* Extensions.swift */ = {isa = PBXFileReference; lastKnownFileType = sourcecode.swift; path = Extensions.swift; sourceTree = "<group>"; };
		63AB602B2A9E788800EF1923 /* AlarmManager.swift */ = {isa = PBXFileReference; lastKnownFileType = sourcecode.swift; path = AlarmManager.swift; sourceTree = "<group>"; };
		63AB602F2A9EB41C00EF1923 /* SoundManager.swift */ = {isa = PBXFileReference; lastKnownFileType = sourcecode.swift; path = SoundManager.swift; sourceTree = "<group>"; };
		63D3A25A2AA4F31100CDA7AC /* wakeup.mp3 */ = {isa = PBXFileReference; lastKnownFileType = audio.mp3; path = wakeup.mp3; sourceTree = SOURCE_ROOT; };
		63D3A25C2AA4FDCE00CDA7AC /* SoundSelectVC.swift */ = {isa = PBXFileReference; lastKnownFileType = sourcecode.swift; path = SoundSelectVC.swift; sourceTree = "<group>"; };
/* End PBXFileReference section */

/* Begin PBXFrameworksBuildPhase section */
		636895822A9DC2340083CE03 /* Frameworks */ = {
			isa = PBXFrameworksBuildPhase;
			buildActionMask = 2147483647;
			files = (
			);
			runOnlyForDeploymentPostprocessing = 0;
		};
/* End PBXFrameworksBuildPhase section */

/* Begin PBXGroup section */
		6368957C2A9DC2340083CE03 = {
			isa = PBXGroup;
			children = (
				636895872A9DC2340083CE03 /* task5_app */,
				636895862A9DC2340083CE03 /* Products */,
			);
			sourceTree = "<group>";
		};
		636895862A9DC2340083CE03 /* Products */ = {
			isa = PBXGroup;
			children = (
				636895852A9DC2340083CE03 /* task5_app.app */,
			);
			name = Products;
			sourceTree = "<group>";
		};
		636895872A9DC2340083CE03 /* task5_app */ = {
			isa = PBXGroup;
			children = (
				636895882A9DC2340083CE03 /* AppDelegate.swift */,
				6368958A2A9DC2340083CE03 /* SceneDelegate.swift */,
				63AB60292A9E784500EF1923 /* Model */,
				63AB602A2A9E786A00EF1923 /* View */,
				63AB60282A9E783000EF1923 /* Controller */,
				636895912A9DC2350083CE03 /* Assets.xcassets */,
				636895932A9DC2350083CE03 /* LaunchScreen.storyboard */,
				636895962A9DC2350083CE03 /* Info.plist */,
				6368959C2A9E13250083CE03 /* Extensions.swift */,
				63D3A25A2AA4F31100CDA7AC /* wakeup.mp3 */,
			);
			path = task5_app;
			sourceTree = "<group>";
		};
		63AB60282A9E783000EF1923 /* Controller */ = {
			isa = PBXGroup;
			children = (
				6368958C2A9DC2340083CE03 /* AlarmViewController.swift */,
				63D3A25C2AA4FDCE00CDA7AC /* SoundSelectVC.swift */,
			);
			path = Controller;
			sourceTree = "<group>";
		};
		63AB60292A9E784500EF1923 /* Model */ = {
			isa = PBXGroup;
			children = (
				63AB602B2A9E788800EF1923 /* AlarmManager.swift */,
				63AB602F2A9EB41C00EF1923 /* SoundManager.swift */,
			);
			path = Model;
			sourceTree = "<group>";
		};
		63AB602A2A9E786A00EF1923 /* View */ = {
			isa = PBXGroup;
			children = (
			);
			path = View;
			sourceTree = "<group>";
		};
/* End PBXGroup section */

/* Begin PBXNativeTarget section */
		636895842A9DC2340083CE03 /* task5_app */ = {
			isa = PBXNativeTarget;
			buildConfigurationList = 636895992A9DC2350083CE03 /* Build configuration list for PBXNativeTarget "task5_app" */;
			buildPhases = (
				636895812A9DC2340083CE03 /* Sources */,
				636895822A9DC2340083CE03 /* Frameworks */,
				636895832A9DC2340083CE03 /* Resources */,
			);
			buildRules = (
			);
			dependencies = (
			);
			name = task5_app;
			productName = task2_app;
			productReference = 636895852A9DC2340083CE03 /* task5_app.app */;
			productType = "com.apple.product-type.application";
		};
/* End PBXNativeTarget section */

/* Begin PBXProject section */
		6368957D2A9DC2340083CE03 /* Project object */ = {
			isa = PBXProject;
			attributes = {
				BuildIndependentTargetsInParallel = 1;
				LastSwiftUpdateCheck = 1430;
				LastUpgradeCheck = 1430;
				TargetAttributes = {
					636895842A9DC2340083CE03 = {
						CreatedOnToolsVersion = 14.3.1;
					};
				};
			};
			buildConfigurationList = 636895802A9DC2340083CE03 /* Build configuration list for PBXProject "task5_app" */;
			compatibilityVersion = "Xcode 14.0";
			developmentRegion = en;
			hasScannedForEncodings = 0;
			knownRegions = (
				en,
				Base,
			);
			mainGroup = 6368957C2A9DC2340083CE03;
			productRefGroup = 636895862A9DC2340083CE03 /* Products */;
			projectDirPath = "";
			projectRoot = "";
			targets = (
				636895842A9DC2340083CE03 /* task5_app */,
			);
		};
/* End PBXProject section */

/* Begin PBXResourcesBuildPhase section */
		636895832A9DC2340083CE03 /* Resources */ = {
			isa = PBXResourcesBuildPhase;
			buildActionMask = 2147483647;
			files = (
				63D3A25B2AA4F31200CDA7AC /* wakeup.mp3 in Resources */,
				636895952A9DC2350083CE03 /* LaunchScreen.storyboard in Resources */,
				636895922A9DC2350083CE03 /* Assets.xcassets in Resources */,
			);
			runOnlyForDeploymentPostprocessing = 0;
		};
/* End PBXResourcesBuildPhase section */

/* Begin PBXSourcesBuildPhase section */
		636895812A9DC2340083CE03 /* Sources */ = {
			isa = PBXSourcesBuildPhase;
			buildActionMask = 2147483647;
			files = (
				6368958D2A9DC2340083CE03 /* AlarmViewController.swift in Sources */,
				636895892A9DC2340083CE03 /* AppDelegate.swift in Sources */,
				6368958B2A9DC2340083CE03 /* SceneDelegate.swift in Sources */,
				6368959D2A9E13250083CE03 /* Extensions.swift in Sources */,
				63AB602C2A9E788800EF1923 /* AlarmManager.swift in Sources */,
				63AB60302A9EB41C00EF1923 /* SoundManager.swift in Sources */,
				63D3A25D2AA4FDCE00CDA7AC /* SoundSelectVC.swift in Sources */,
			);
			runOnlyForDeploymentPostprocessing = 0;
		};
/* End PBXSourcesBuildPhase section */

/* Begin PBXVariantGroup section */
		636895932A9DC2350083CE03 /* LaunchScreen.storyboard */ = {
			isa = PBXVariantGroup;
			children = (
				636895942A9DC2350083CE03 /* Base */,
			);
			name = LaunchScreen.storyboard;
			sourceTree = "<group>";
		};
/* End PBXVariantGroup section */

/* Begin XCBuildConfiguration section */
		636895972A9DC2350083CE03 /* Debug */ = {
			isa = XCBuildConfiguration;
			buildSettings = {
				ALWAYS_SEARCH_USER_PATHS = NO;
				CLANG_ANALYZER_NONNULL = YES;
				CLANG_ANALYZER_NUMBER_OBJECT_CONVERSION = YES_AGGRESSIVE;
				CLANG_CXX_LANGUAGE_STANDARD = "gnu++20";
				CLANG_ENABLE_MODULES = YES;
				CLANG_ENABLE_OBJC_ARC = YES;
				CLANG_ENABLE_OBJC_WEAK = YES;
				CLANG_WARN_BLOCK_CAPTURE_AUTORELEASING = YES;
				CLANG_WARN_BOOL_CONVERSION = YES;
				CLANG_WARN_COMMA = YES;
				CLANG_WARN_CONSTANT_CONVERSION = YES;
				CLANG_WARN_DEPRECATED_OBJC_IMPLEMENTATIONS = YES;
				CLANG_WARN_DIRECT_OBJC_ISA_USAGE = YES_ERROR;
				CLANG_WARN_DOCUMENTATION_COMMENTS = YES;
				CLANG_WARN_EMPTY_BODY = YES;
				CLANG_WARN_ENUM_CONVERSION = YES;
				CLANG_WARN_INFINITE_RECURSION = YES;
				CLANG_WARN_INT_CONVERSION = YES;
				CLANG_WARN_NON_LITERAL_NULL_CONVERSION = YES;
				CLANG_WARN_OBJC_IMPLICIT_RETAIN_SELF = YES;
				CLANG_WARN_OBJC_LITERAL_CONVERSION = YES;
				CLANG_WARN_OBJC_ROOT_CLASS = YES_ERROR;
				CLANG_WARN_QUOTED_INCLUDE_IN_FRAMEWORK_HEADER = YES;
				CLANG_WARN_RANGE_LOOP_ANALYSIS = YES;
				CLANG_WARN_STRICT_PROTOTYPES = YES;
				CLANG_WARN_SUSPICIOUS_MOVE = YES;
				CLANG_WARN_UNGUARDED_AVAILABILITY = YES_AGGRESSIVE;
				CLANG_WARN_UNREACHABLE_CODE = YES;
				CLANG_WARN__DUPLICATE_METHOD_MATCH = YES;
				COPY_PHASE_STRIP = NO;
				DEBUG_INFORMATION_FORMAT = dwarf;
				ENABLE_STRICT_OBJC_MSGSEND = YES;
				ENABLE_TESTABILITY = YES;
				GCC_C_LANGUAGE_STANDARD = gnu11;
				GCC_DYNAMIC_NO_PIC = NO;
				GCC_NO_COMMON_BLOCKS = YES;
				GCC_OPTIMIZATION_LEVEL = 0;
				GCC_PREPROCESSOR_DEFINITIONS = (
					"DEBUG=1",
					"$(inherited)",
				);
				GCC_WARN_64_TO_32_BIT_CONVERSION = YES;
				GCC_WARN_ABOUT_RETURN_TYPE = YES_ERROR;
				GCC_WARN_UNDECLARED_SELECTOR = YES;
				GCC_WARN_UNINITIALIZED_AUTOS = YES_AGGRESSIVE;
				GCC_WARN_UNUSED_FUNCTION = YES;
				GCC_WARN_UNUSED_VARIABLE = YES;
				IPHONEOS_DEPLOYMENT_TARGET = 16.4;
				MTL_ENABLE_DEBUG_INFO = INCLUDE_SOURCE;
				MTL_FAST_MATH = YES;
				ONLY_ACTIVE_ARCH = YES;
				SDKROOT = iphoneos;
				SWIFT_ACTIVE_COMPILATION_CONDITIONS = DEBUG;
				SWIFT_OPTIMIZATION_LEVEL = "-Onone";
			};
			name = Debug;
		};
		636895982A9DC2350083CE03 /* Release */ = {
			isa = XCBuildConfiguration;
			buildSettings = {
				ALWAYS_SEARCH_USER_PATHS = NO;
				CLANG_ANALYZER_NONNULL = YES;
				CLANG_ANALYZER_NUMBER_OBJECT_CONVERSION = YES_AGGRESSIVE;
				CLANG_CXX_LANGUAGE_STANDARD = "gnu++20";
				CLANG_ENABLE_MODULES = YES;
				CLANG_ENABLE_OBJC_ARC = YES;
				CLANG_ENABLE_OBJC_WEAK = YES;
				CLANG_WARN_BLOCK_CAPTURE_AUTORELEASING = YES;
				CLANG_WARN_BOOL_CONVERSION = YES;
				CLANG_WARN_COMMA = YES;
				CLANG_WARN_CONSTANT_CONVERSION = YES;
				CLANG_WARN_DEPRECATED_OBJC_IMPLEMENTATIONS = YES;
				CLANG_WARN_DIRECT_OBJC_ISA_USAGE = YES_ERROR;
				CLANG_WARN_DOCUMENTATION_COMMENTS = YES;
				CLANG_WARN_EMPTY_BODY = YES;
				CLANG_WARN_ENUM_CONVERSION = YES;
				CLANG_WARN_INFINITE_RECURSION = YES;
				CLANG_WARN_INT_CONVERSION = YES;
				CLANG_WARN_NON_LITERAL_NULL_CONVERSION = YES;
				CLANG_WARN_OBJC_IMPLICIT_RETAIN_SELF = YES;
				CLANG_WARN_OBJC_LITERAL_CONVERSION = YES;
				CLANG_WARN_OBJC_ROOT_CLASS = YES_ERROR;
				CLANG_WARN_QUOTED_INCLUDE_IN_FRAMEWORK_HEADER = YES;
				CLANG_WARN_RANGE_LOOP_ANALYSIS = YES;
				CLANG_WARN_STRICT_PROTOTYPES = YES;
				CLANG_WARN_SUSPICIOUS_MOVE = YES;
				CLANG_WARN_UNGUARDED_AVAILABILITY = YES_AGGRESSIVE;
				CLANG_WARN_UNREACHABLE_CODE = YES;
				CLANG_WARN__DUPLICATE_METHOD_MATCH = YES;
				COPY_PHASE_STRIP = NO;
				DEBUG_INFORMATION_FORMAT = "dwarf-with-dsym";
				ENABLE_NS_ASSERTIONS = NO;
				ENABLE_STRICT_OBJC_MSGSEND = YES;
				GCC_C_LANGUAGE_STANDARD = gnu11;
				GCC_NO_COMMON_BLOCKS = YES;
				GCC_WARN_64_TO_32_BIT_CONVERSION = YES;
				GCC_WARN_ABOUT_RETURN_TYPE = YES_ERROR;
				GCC_WARN_UNDECLARED_SELECTOR = YES;
				GCC_WARN_UNINITIALIZED_AUTOS = YES_AGGRESSIVE;
				GCC_WARN_UNUSED_FUNCTION = YES;
				GCC_WARN_UNUSED_VARIABLE = YES;
				IPHONEOS_DEPLOYMENT_TARGET = 16.4;
				MTL_ENABLE_DEBUG_INFO = NO;
				MTL_FAST_MATH = YES;
				SDKROOT = iphoneos;
				SWIFT_COMPILATION_MODE = wholemodule;
				SWIFT_OPTIMIZATION_LEVEL = "-O";
				VALIDATE_PRODUCT = YES;
			};
			name = Release;
		};
		6368959A2A9DC2350083CE03 /* Debug */ = {
			isa = XCBuildConfiguration;
			buildSettings = {
				ASSETCATALOG_COMPILER_APPICON_NAME = AppIcon;
				ASSETCATALOG_COMPILER_GLOBAL_ACCENT_COLOR_NAME = AccentColor;
				CODE_SIGN_STYLE = Automatic;
				CURRENT_PROJECT_VERSION = 1;
				DEVELOPMENT_TEAM = B34M97ZY6W;
				GENERATE_INFOPLIST_FILE = YES;
				INFOPLIST_FILE = task5_app/Info.plist;
				INFOPLIST_KEY_UIApplicationSupportsIndirectInputEvents = YES;
				INFOPLIST_KEY_UILaunchStoryboardName = LaunchScreen;
				INFOPLIST_KEY_UISupportedInterfaceOrientations_iPad = "UIInterfaceOrientationPortrait UIInterfaceOrientationPortraitUpsideDown UIInterfaceOrientationLandscapeLeft UIInterfaceOrientationLandscapeRight";
				INFOPLIST_KEY_UISupportedInterfaceOrientations_iPhone = "UIInterfaceOrientationPortrait UIInterfaceOrientationLandscapeLeft UIInterfaceOrientationLandscapeRight";
				IPHONEOS_DEPLOYMENT_TARGET = 15.0;
				LD_RUNPATH_SEARCH_PATHS = (
					"$(inherited)",
					"@executable_path/Frameworks",
				);
				MARKETING_VERSION = 1.0;
				PRODUCT_BUNDLE_IDENTIFIER = "foranewlife.task2-app";
				PRODUCT_NAME = "$(TARGET_NAME)";
				SWIFT_EMIT_LOC_STRINGS = YES;
				SWIFT_VERSION = 5.0;
				TARGETED_DEVICE_FAMILY = "1,2";
			};
			name = Debug;
		};
		6368959B2A9DC2350083CE03 /* Release */ = {
			isa = XCBuildConfiguration;
			buildSettings = {
				ASSETCATALOG_COMPILER_APPICON_NAME = AppIcon;
				ASSETCATALOG_COMPILER_GLOBAL_ACCENT_COLOR_NAME = AccentColor;
				CODE_SIGN_STYLE = Automatic;
				CURRENT_PROJECT_VERSION = 1;
				DEVELOPMENT_TEAM = B34M97ZY6W;
				GENERATE_INFOPLIST_FILE = YES;
				INFOPLIST_FILE = task5_app/Info.plist;
				INFOPLIST_KEY_UIApplicationSupportsIndirectInputEvents = YES;
				INFOPLIST_KEY_UILaunchStoryboardName = LaunchScreen;
				INFOPLIST_KEY_UISupportedInterfaceOrientations_iPad = "UIInterfaceOrientationPortrait UIInterfaceOrientationPortraitUpsideDown UIInterfaceOrientationLandscapeLeft UIInterfaceOrientationLandscapeRight";
				INFOPLIST_KEY_UISupportedInterfaceOrientations_iPhone = "UIInterfaceOrientationPortrait UIInterfaceOrientationLandscapeLeft UIInterfaceOrientationLandscapeRight";
				IPHONEOS_DEPLOYMENT_TARGET = 15.0;
				LD_RUNPATH_SEARCH_PATHS = (
					"$(inherited)",
					"@executable_path/Frameworks",
				);
				MARKETING_VERSION = 1.0;
				PRODUCT_BUNDLE_IDENTIFIER = "foranewlife.task2-app";
				PRODUCT_NAME = "$(TARGET_NAME)";
				SWIFT_EMIT_LOC_STRINGS = YES;
				SWIFT_VERSION = 5.0;
				TARGETED_DEVICE_FAMILY = "1,2";
			};
			name = Release;
		};
/* End XCBuildConfiguration section */

/* Begin XCConfigurationList section */
		636895802A9DC2340083CE03 /* Build configuration list for PBXProject "task5_app" */ = {
			isa = XCConfigurationList;
			buildConfigurations = (
				636895972A9DC2350083CE03 /* Debug */,
				636895982A9DC2350083CE03 /* Release */,
			);
			defaultConfigurationIsVisible = 0;
			defaultConfigurationName = Release;
		};
		636895992A9DC2350083CE03 /* Build configuration list for PBXNativeTarget "task5_app" */ = {
			isa = XCConfigurationList;
			buildConfigurations = (
				6368959A2A9DC2350083CE03 /* Debug */,
				6368959B2A9DC2350083CE03 /* Release */,
			);
			defaultConfigurationIsVisible = 0;
			defaultConfigurationName = Release;
		};
/* End XCConfigurationList section */
	};
	rootObject = 6368957D2A9DC2340083CE03 /* Project object */;
}
